
Microsoft Visual Studio Solution File, Format Version 12.00
# Visual Studio Version 17
VisualStudioVersion = 17.8.34408.163
MinimumVisualStudioVersion = 10.0.40219.1
Project("{8BC9CEB8-8B4A-11D0-8D11-00A0C91BC942}") = "Project1", "Project1\Project1.vcxproj", "{CD88C70F-28D3-4D2A-9392-22C049465C5D}"
EndProject
Global
	GlobalSection(SolutionConfigurationPlatforms) = preSolution
		Debug|x64 = Debug|x64
		Debug|x86 = Debug|x86
		Release|x64 = Release|x64
		Release|x86 = Release|x86
	EndGlobalSection
	GlobalSection(ProjectConfigurationPlatforms) = postSolution
		{CD88C70F-28D3-4D2A-9392-22C049465C5D}.Debug|x64.ActiveCfg = Debug|x64
		{CD88C70F-28D3-4D2A-9392-22C049465C5D}.Debug|x64.Build.0 = Debug|x64
		{CD88C70F-28D3-4D2A-9392-22C049465C5D}.Debug|x86.ActiveCfg = Debug|Win32
		{CD88C70F-28D3-4D2A-9392-22C049465C5D}.Debug|x86.Build.0 = Debug|Win32
		{CD88C70F-28D3-4D2A-9392-22C049465C5D}.Release|x64.ActiveCfg = Release|x64
		{CD88C70F-28D3-4D2A-9392-22C049465C5D}.Release|x64.Build.0 = Release|x64
		{CD88C70F-28D3-4D2A-9392-22C049465C5D}.Release|x86.ActiveCfg = Release|Win32
		{CD88C70F-28D3-4D2A-9392-22C049465C5D}.Release|x86.Build.0 = Release|Win32
	EndGlobalSection
	GlobalSection(SolutionProperties) = preSolution
		HideSolutionNode = FALSE
	EndGlobalSection
	GlobalSection(ExtensibilityGlobals) = postSolution
		SolutionGuid = {2D5F57C2-1517-43C1-87F6-DC0CDDFFCEC8}
	EndGlobalSection
EndGlobal
